
Microsoft Visual Studio Solution File, Format Version 10.00
# Visual C# Express 2008
Project("{FAE04EC0-301F-11D3-BF4B-00C04F79EFBC}") = "rshadercompiler", "rshadercompiler\rshadercompiler.csproj", "{B9B3AAC5-E7F1-49A3-A7C3-302165E9922F}"
EndProject
Global
	GlobalSection(SolutionConfigurationPlatforms) = preSolution
		Debug|x86 = Debug|x86
		Release|x86 = Release|x86
	EndGlobalSection
	GlobalSection(ProjectConfigurationPlatforms) = postSolution
		{B9B3AAC5-E7F1-49A3-A7C3-302165E9922F}.Debug|x86.ActiveCfg = Debug|x86
		{B9B3AAC5-E7F1-49A3-A7C3-302165E9922F}.Debug|x86.Build.0 = Debug|x86
		{B9B3AAC5-E7F1-49A3-A7C3-302165E9922F}.Release|x86.ActiveCfg = Release|x86
		{B9B3AAC5-E7F1-49A3-A7C3-302165E9922F}.Release|x86.Build.0 = Release|x86
		{B229B27C-4F77-4F6C-B026-19ABBEB49314}.Debug|x86.ActiveCfg = Debug|x86
		{B229B27C-4F77-4F6C-B026-19ABBEB49314}.Release|x86.ActiveCfg = Release|x86
	EndGlobalSection
	GlobalSection(SolutionProperties) = preSolution
		HideSolutionNode = FALSE
	EndGlobalSection
EndGlobal
